
Microsoft Visual Studio Solution File, Format Version 12.00
# Visual Studio Version 16
VisualStudioVersion = 16.0.30804.86
MinimumVisualStudioVersion = 10.0.40219.1
Project("{FAE04EC0-301F-11D3-BF4B-00C04F79EFBC}") = "CarterDemo", "CarterDemo\CarterDemo.csproj", "{7567CBCE-E190-4077-B54B-ACA8B060956F}"
EndProject
Global
	GlobalSection(SolutionConfigurationPlatforms) = preSolution
		Debug|Any CPU = Debug|Any CPU
		Release|Any CPU = Release|Any CPU
	EndGlobalSection
	GlobalSection(ProjectConfigurationPlatforms) = postSolution
		{7567CBCE-E190-4077-B54B-ACA8B060956F}.Debug|Any CPU.ActiveCfg = Debug|Any CPU
		{7567CBCE-E190-4077-B54B-ACA8B060956F}.Debug|Any CPU.Build.0 = Debug|Any CPU
		{7567CBCE-E190-4077-B54B-ACA8B060956F}.Release|Any CPU.ActiveCfg = Release|Any CPU
		{7567CBCE-E190-4077-B54B-ACA8B060956F}.Release|Any CPU.Build.0 = Release|Any CPU
	EndGlobalSection
	GlobalSection(SolutionProperties) = preSolution
		HideSolutionNode = FALSE
	EndGlobalSection
	GlobalSection(ExtensibilityGlobals) = postSolution
		SolutionGuid = {D63C81FA-4219-49D4-BB1D-0CA1C3708B68}
	EndGlobalSection
EndGlobal
